
Microsoft Visual Studio Solution File, Format Version 12.00
# Visual Studio 15
VisualStudioVersion = 15.0.27428.2002
MinimumVisualStudioVersion = 10.0.40219.1
Project("{FAE04EC0-301F-11D3-BF4B-00C04F79EFBC}") = "FSMc", "FSMc\FSMc.csproj", "{3926E414-1758-481A-B80A-83D9749F13E5}"
EndProject
Global
	GlobalSection(SolutionConfigurationPlatforms) = preSolution
		Debug|Any CPU = Debug|Any CPU
		Release|Any CPU = Release|Any CPU
	EndGlobalSection
	GlobalSection(ProjectConfigurationPlatforms) = postSolution
		{3926E414-1758-481A-B80A-83D9749F13E5}.Debug|Any CPU.ActiveCfg = Debug|Any CPU
		{3926E414-1758-481A-B80A-83D9749F13E5}.Debug|Any CPU.Build.0 = Debug|Any CPU
		{3926E414-1758-481A-B80A-83D9749F13E5}.Release|Any CPU.ActiveCfg = Release|Any CPU
		{3926E414-1758-481A-B80A-83D9749F13E5}.Release|Any CPU.Build.0 = Release|Any CPU
	EndGlobalSection
	GlobalSection(SolutionProperties) = preSolution
		HideSolutionNode = FALSE
	EndGlobalSection
	GlobalSection(ExtensibilityGlobals) = postSolution
		SolutionGuid = {724510D4-A4DD-494B-B434-D6E26E4E9D16}
	EndGlobalSection
EndGlobal
